
Microsoft Visual Studio Solution File, Format Version 12.00
# Visual Studio 14
VisualStudioVersion = 14.0.25420.1
MinimumVisualStudioVersion = 10.0.40219.1
Project("{FAE04EC0-301F-11D3-BF4B-00C04F79EFBC}") = "BugScape", "BugScape\BugScape.csproj", "{31A3D024-A263-4DEC-8AAD-1C02706D026B}"
EndProject
Project("{FAE04EC0-301F-11D3-BF4B-00C04F79EFBC}") = "BugScapeClient", "BugScapeClient\BugScapeClient.csproj", "{1B4DC1C2-5246-49F2-AFA3-93661E63DDAB}"
EndProject
Project("{FAE04EC0-301F-11D3-BF4B-00C04F79EFBC}") = "BugScapeCommon", "BugScapeCommon\BugScapeCommon.csproj", "{E3F68A62-C6DA-492A-97C9-F0539F071E0D}"
EndProject
Global
	GlobalSection(SolutionConfigurationPlatforms) = preSolution
		Debug|Any CPU = Debug|Any CPU
		Release|Any CPU = Release|Any CPU
	EndGlobalSection
	GlobalSection(ProjectConfigurationPlatforms) = postSolution
		{31A3D024-A263-4DEC-8AAD-1C02706D026B}.Debug|Any CPU.ActiveCfg = Debug|Any CPU
		{31A3D024-A263-4DEC-8AAD-1C02706D026B}.Debug|Any CPU.Build.0 = Debug|Any CPU
		{31A3D024-A263-4DEC-8AAD-1C02706D026B}.Release|Any CPU.ActiveCfg = Release|Any CPU
		{31A3D024-A263-4DEC-8AAD-1C02706D026B}.Release|Any CPU.Build.0 = Release|Any CPU
		{1B4DC1C2-5246-49F2-AFA3-93661E63DDAB}.Debug|Any CPU.ActiveCfg = Debug|Any CPU
		{1B4DC1C2-5246-49F2-AFA3-93661E63DDAB}.Debug|Any CPU.Build.0 = Debug|Any CPU
		{1B4DC1C2-5246-49F2-AFA3-93661E63DDAB}.Release|Any CPU.ActiveCfg = Release|Any CPU
		{1B4DC1C2-5246-49F2-AFA3-93661E63DDAB}.Release|Any CPU.Build.0 = Release|Any CPU
		{E3F68A62-C6DA-492A-97C9-F0539F071E0D}.Debug|Any CPU.ActiveCfg = Debug|Any CPU
		{E3F68A62-C6DA-492A-97C9-F0539F071E0D}.Debug|Any CPU.Build.0 = Debug|Any CPU
		{E3F68A62-C6DA-492A-97C9-F0539F071E0D}.Release|Any CPU.ActiveCfg = Release|Any CPU
		{E3F68A62-C6DA-492A-97C9-F0539F071E0D}.Release|Any CPU.Build.0 = Release|Any CPU
	EndGlobalSection
	GlobalSection(SolutionProperties) = preSolution
		HideSolutionNode = FALSE
	EndGlobalSection
EndGlobal
